
Microsoft Visual Studio Solution File, Format Version 12.00
# Visual Studio 15
VisualStudioVersion = 15.0.28307.106
MinimumVisualStudioVersion = 10.0.40219.1
Project("{FAE04EC0-301F-11D3-BF4B-00C04F79EFBC}") = "AuthServe", "AuthServe\AuthServe.csproj", "{C6A6F399-D0A9-48EB-A176-D4FB1EDF5C2F}"
EndProject
Global
	GlobalSection(SolutionConfigurationPlatforms) = preSolution
		Debug|Any CPU = Debug|Any CPU
		Release|Any CPU = Release|Any CPU
	EndGlobalSection
	GlobalSection(ProjectConfigurationPlatforms) = postSolution
		{C6A6F399-D0A9-48EB-A176-D4FB1EDF5C2F}.Debug|Any CPU.ActiveCfg = Debug|Any CPU
		{C6A6F399-D0A9-48EB-A176-D4FB1EDF5C2F}.Debug|Any CPU.Build.0 = Debug|Any CPU
		{C6A6F399-D0A9-48EB-A176-D4FB1EDF5C2F}.Release|Any CPU.ActiveCfg = Release|Any CPU
		{C6A6F399-D0A9-48EB-A176-D4FB1EDF5C2F}.Release|Any CPU.Build.0 = Release|Any CPU
	EndGlobalSection
	GlobalSection(SolutionProperties) = preSolution
		HideSolutionNode = FALSE
	EndGlobalSection
	GlobalSection(ExtensibilityGlobals) = postSolution
		SolutionGuid = {D7EC91E1-C161-469E-91B9-493EFC2646AF}
	EndGlobalSection
EndGlobal
